// !$*UTF8*$!
{
	archiveVersion = 1;
	classes = {
	};
	objectVersion = 55;
	objects = {

/* Begin PBXBuildFile section */
		1904F84227BCB5ED00D78436 /* MovieDetailsView.swift in Sources */ = {isa = PBXBuildFile; fileRef = 1904F84127BCB5ED00D78436 /* MovieDetailsView.swift */; };
		1904F84527BCC35000D78436 /* MovieDetail.swift in Sources */ = {isa = PBXBuildFile; fileRef = 1904F84427BCC35000D78436 /* MovieDetail.swift */; };
		1909C51827BC22940034FF36 /* BackdropMovieViewCell.swift in Sources */ = {isa = PBXBuildFile; fileRef = 1909C51727BC22940034FF36 /* BackdropMovieViewCell.swift */; };
		1909C51A27BC3F970034FF36 /* TVSeriesView.swift in Sources */ = {isa = PBXBuildFile; fileRef = 1909C51927BC3F970034FF36 /* TVSeriesView.swift */; };
		1909C51C27BC3FA40034FF36 /* TV.swift in Sources */ = {isa = PBXBuildFile; fileRef = 1909C51B27BC3FA40034FF36 /* TV.swift */; };
		1909C52027BC40F70034FF36 /* PosterTVViewCell.swift in Sources */ = {isa = PBXBuildFile; fileRef = 1909C51F27BC40F70034FF36 /* PosterTVViewCell.swift */; };
		1909C52227BC42F00034FF36 /* BackdropTVViewCell.swift in Sources */ = {isa = PBXBuildFile; fileRef = 1909C52127BC42F00034FF36 /* BackdropTVViewCell.swift */; };
		194F79F827BBA4B700B0C22E /* MovieMVVMApp.swift in Sources */ = {isa = PBXBuildFile; fileRef = 194F79F727BBA4B700B0C22E /* MovieMVVMApp.swift */; };
		194F79FC27BBA4B900B0C22E /* Assets.xcassets in Resources */ = {isa = PBXBuildFile; fileRef = 194F79FB27BBA4B900B0C22E /* Assets.xcassets */; };
		194F79FF27BBA4B900B0C22E /* Preview Assets.xcassets in Resources */ = {isa = PBXBuildFile; fileRef = 194F79FE27BBA4B900B0C22E /* Preview Assets.xcassets */; };
		194F7A1127BBA7EE00B0C22E /* HomeView.swift in Sources */ = {isa = PBXBuildFile; fileRef = 194F7A1027BBA7EE00B0C22E /* HomeView.swift */; };
		194F7A1327BBA7F800B0C22E /* HomeViewModel.swift in Sources */ = {isa = PBXBuildFile; fileRef = 194F7A1227BBA7F800B0C22E /* HomeViewModel.swift */; };
		194F7A1627BBAA7700B0C22E /* PosterMovieViewCell.swift in Sources */ = {isa = PBXBuildFile; fileRef = 194F7A1527BBAA7700B0C22E /* PosterMovieViewCell.swift */; };
		194F7A1827BBAA9600B0C22E /* Movie.swift in Sources */ = {isa = PBXBuildFile; fileRef = 194F7A1727BBAA9600B0C22E /* Movie.swift */; };
		194F7A1A27BBAAB000B0C22E /* PreviewProvider.swift in Sources */ = {isa = PBXBuildFile; fileRef = 194F7A1927BBAAB000B0C22E /* PreviewProvider.swift */; };
		194F7A1D27BBAFB900B0C22E /* Kingfisher in Frameworks */ = {isa = PBXBuildFile; productRef = 194F7A1C27BBAFB900B0C22E /* Kingfisher */; };
		1962361227BE417E007B2E06 /* CarouselView.swift in Sources */ = {isa = PBXBuildFile; fileRef = 1962361127BE417E007B2E06 /* CarouselView.swift */; };
/* End PBXBuildFile section */

/* Begin PBXFileReference section */
		1904F84127BCB5ED00D78436 /* MovieDetailsView.swift */ = {isa = PBXFileReference; lastKnownFileType = sourcecode.swift; path = MovieDetailsView.swift; sourceTree = "<group>"; };
		1904F84427BCC35000D78436 /* MovieDetail.swift */ = {isa = PBXFileReference; lastKnownFileType = sourcecode.swift; path = MovieDetail.swift; sourceTree = "<group>"; };
		1909C51727BC22940034FF36 /* BackdropMovieViewCell.swift */ = {isa = PBXFileReference; lastKnownFileType = sourcecode.swift; path = BackdropMovieViewCell.swift; sourceTree = "<group>"; };
		1909C51927BC3F970034FF36 /* TVSeriesView.swift */ = {isa = PBXFileReference; lastKnownFileType = sourcecode.swift; path = TVSeriesView.swift; sourceTree = "<group>"; };
		1909C51B27BC3FA40034FF36 /* TV.swift */ = {isa = PBXFileReference; lastKnownFileType = sourcecode.swift; path = TV.swift; sourceTree = "<group>"; };
		1909C51F27BC40F70034FF36 /* PosterTVViewCell.swift */ = {isa = PBXFileReference; lastKnownFileType = sourcecode.swift; path = PosterTVViewCell.swift; sourceTree = "<group>"; };
		1909C52127BC42F00034FF36 /* BackdropTVViewCell.swift */ = {isa = PBXFileReference; lastKnownFileType = sourcecode.swift; path = BackdropTVViewCell.swift; sourceTree = "<group>"; };
		194F79F427BBA4B700B0C22E /* MovieMVVM.app */ = {isa = PBXFileReference; explicitFileType = wrapper.application; includeInIndex = 0; path = MovieMVVM.app; sourceTree = BUILT_PRODUCTS_DIR; };
		194F79F727BBA4B700B0C22E /* MovieMVVMApp.swift */ = {isa = PBXFileReference; lastKnownFileType = sourcecode.swift; path = MovieMVVMApp.swift; sourceTree = "<group>"; };
		194F79FB27BBA4B900B0C22E /* Assets.xcassets */ = {isa = PBXFileReference; lastKnownFileType = folder.assetcatalog; path = Assets.xcassets; sourceTree = "<group>"; };
		194F79FE27BBA4B900B0C22E /* Preview Assets.xcassets */ = {isa = PBXFileReference; lastKnownFileType = folder.assetcatalog; path = "Preview Assets.xcassets"; sourceTree = "<group>"; };
		194F7A1027BBA7EE00B0C22E /* HomeView.swift */ = {isa = PBXFileReference; lastKnownFileType = sourcecode.swift; path = HomeView.swift; sourceTree = "<group>"; };
		194F7A1227BBA7F800B0C22E /* HomeViewModel.swift */ = {isa = PBXFileReference; lastKnownFileType = sourcecode.swift; path = HomeViewModel.swift; sourceTree = "<group>"; };
		194F7A1527BBAA7700B0C22E /* PosterMovieViewCell.swift */ = {isa = PBXFileReference; lastKnownFileType = sourcecode.swift; path = PosterMovieViewCell.swift; sourceTree = "<group>"; };
		194F7A1727BBAA9600B0C22E /* Movie.swift */ = {isa = PBXFileReference; lastKnownFileType = sourcecode.swift; path = Movie.swift; sourceTree = "<group>"; };
		194F7A1927BBAAB000B0C22E /* PreviewProvider.swift */ = {isa = PBXFileReference; lastKnownFileType = sourcecode.swift; path = PreviewProvider.swift; sourceTree = "<group>"; };
		1962361127BE417E007B2E06 /* CarouselView.swift */ = {isa = PBXFileReference; lastKnownFileType = sourcecode.swift; path = CarouselView.swift; sourceTree = "<group>"; };
/* End PBXFileReference section */

/* Begin PBXFrameworksBuildPhase section */
		194F79F127BBA4B700B0C22E /* Frameworks */ = {
			isa = PBXFrameworksBuildPhase;
			buildActionMask = 2147483647;
			files = (
				194F7A1D27BBAFB900B0C22E /* Kingfisher in Frameworks */,
			);
			runOnlyForDeploymentPostprocessing = 0;
		};
/* End PBXFrameworksBuildPhase section */

/* Begin PBXGroup section */
		1909C51D27BC40D30034FF36 /* Movies */ = {
			isa = PBXGroup;
			children = (
				194F7A1027BBA7EE00B0C22E /* HomeView.swift */,
				194F7A1527BBAA7700B0C22E /* PosterMovieViewCell.swift */,
				1909C51727BC22940034FF36 /* BackdropMovieViewCell.swift */,
				1962361127BE417E007B2E06 /* CarouselView.swift */,
				1904F84127BCB5ED00D78436 /* MovieDetailsView.swift */,
			);
			path = Movies;
			sourceTree = "<group>";
		};
		1909C51E27BC40E20034FF36 /* TV */ = {
			isa = PBXGroup;
			children = (
				1909C51927BC3F970034FF36 /* TVSeriesView.swift */,
				1909C51F27BC40F70034FF36 /* PosterTVViewCell.swift */,
				1909C52127BC42F00034FF36 /* BackdropTVViewCell.swift */,
			);
			path = TV;
			sourceTree = "<group>";
		};
		194F79EB27BBA4B700B0C22E = {
			isa = PBXGroup;
			children = (
				194F79F627BBA4B700B0C22E /* MovieMVVM */,
				194F79F527BBA4B700B0C22E /* Products */,
			);
			sourceTree = "<group>";
		};
		194F79F527BBA4B700B0C22E /* Products */ = {
			isa = PBXGroup;
			children = (
				194F79F427BBA4B700B0C22E /* MovieMVVM.app */,
			);
			name = Products;
			sourceTree = "<group>";
		};
		194F79F627BBA4B700B0C22E /* MovieMVVM */ = {
			isa = PBXGroup;
			children = (
				194F7A0927BBA79300B0C22E /* Utilities */,
				194F7A0527BBA5ED00B0C22E /* Models */,
				194F7A0727BBA5F800B0C22E /* Views */,
				194F7A0627BBA5F000B0C22E /* ViewModels */,
				194F79F727BBA4B700B0C22E /* MovieMVVMApp.swift */,
				194F79FB27BBA4B900B0C22E /* Assets.xcassets */,
				194F79FD27BBA4B900B0C22E /* Preview Content */,
			);
			path = MovieMVVM;
			sourceTree = "<group>";
		};
		194F79FD27BBA4B900B0C22E /* Preview Content */ = {
			isa = PBXGroup;
			children = (
				194F79FE27BBA4B900B0C22E /* Preview Assets.xcassets */,
			);
			path = "Preview Content";
			sourceTree = "<group>";
		};
		194F7A0527BBA5ED00B0C22E /* Models */ = {
			isa = PBXGroup;
			children = (
				194F7A1727BBAA9600B0C22E /* Movie.swift */,
				1909C51B27BC3FA40034FF36 /* TV.swift */,
				1904F84427BCC35000D78436 /* MovieDetail.swift */,
			);
			path = Models;
			sourceTree = "<group>";
		};
		194F7A0627BBA5F000B0C22E /* ViewModels */ = {
			isa = PBXGroup;
			children = (
				194F7A1227BBA7F800B0C22E /* HomeViewModel.swift */,
			);
			path = ViewModels;
			sourceTree = "<group>";
		};
		194F7A0727BBA5F800B0C22E /* Views */ = {
			isa = PBXGroup;
			children = (
				1909C51E27BC40E20034FF36 /* TV */,
				1909C51D27BC40D30034FF36 /* Movies */,
			);
			path = Views;
			sourceTree = "<group>";
		};
		194F7A0927BBA79300B0C22E /* Utilities */ = {
			isa = PBXGroup;
			children = (
				194F7A1927BBAAB000B0C22E /* PreviewProvider.swift */,
			);
			path = Utilities;
			sourceTree = "<group>";
		};
/* End PBXGroup section */

/* Begin PBXNativeTarget section */
		194F79F327BBA4B700B0C22E /* MovieMVVM */ = {
			isa = PBXNativeTarget;
			buildConfigurationList = 194F7A0227BBA4B900B0C22E /* Build configuration list for PBXNativeTarget "MovieMVVM" */;
			buildPhases = (
				194F79F027BBA4B700B0C22E /* Sources */,
				194F79F127BBA4B700B0C22E /* Frameworks */,
				194F79F227BBA4B700B0C22E /* Resources */,
			);
			buildRules = (
			);
			dependencies = (
			);
			name = MovieMVVM;
			packageProductDependencies = (
				194F7A1C27BBAFB900B0C22E /* Kingfisher */,
			);
			productName = MovieMVVM;
			productReference = 194F79F427BBA4B700B0C22E /* MovieMVVM.app */;
			productType = "com.apple.product-type.application";
		};
/* End PBXNativeTarget section */

/* Begin PBXProject section */
		194F79EC27BBA4B700B0C22E /* Project object */ = {
			isa = PBXProject;
			attributes = {
				BuildIndependentTargetsInParallel = 1;
				LastSwiftUpdateCheck = 1310;
				LastUpgradeCheck = 1310;
				TargetAttributes = {
					194F79F327BBA4B700B0C22E = {
						CreatedOnToolsVersion = 13.1;
					};
				};
			};
			buildConfigurationList = 194F79EF27BBA4B700B0C22E /* Build configuration list for PBXProject "MovieMVVM" */;
			compatibilityVersion = "Xcode 13.0";
			developmentRegion = en;
			hasScannedForEncodings = 0;
			knownRegions = (
				en,
				Base,
			);
			mainGroup = 194F79EB27BBA4B700B0C22E;
			packageReferences = (
				194F7A1B27BBAFB900B0C22E /* XCRemoteSwiftPackageReference "Kingfisher" */,
			);
			productRefGroup = 194F79F527BBA4B700B0C22E /* Products */;
			projectDirPath = "";
			projectRoot = "";
			targets = (
				194F79F327BBA4B700B0C22E /* MovieMVVM */,
			);
		};
/* End PBXProject section */

/* Begin PBXResourcesBuildPhase section */
		194F79F227BBA4B700B0C22E /* Resources */ = {
			isa = PBXResourcesBuildPhase;
			buildActionMask = 2147483647;
			files = (
				194F79FF27BBA4B900B0C22E /* Preview Assets.xcassets in Resources */,
				194F79FC27BBA4B900B0C22E /* Assets.xcassets in Resources */,
			);
			runOnlyForDeploymentPostprocessing = 0;
		};
/* End PBXResourcesBuildPhase section */

/* Begin PBXSourcesBuildPhase section */
		194F79F027BBA4B700B0C22E /* Sources */ = {
			isa = PBXSourcesBuildPhase;
			buildActionMask = 2147483647;
			files = (
				1909C51827BC22940034FF36 /* BackdropMovieViewCell.swift in Sources */,
				194F7A1327BBA7F800B0C22E /* HomeViewModel.swift in Sources */,
				1909C51A27BC3F970034FF36 /* TVSeriesView.swift in Sources */,
				1909C51C27BC3FA40034FF36 /* TV.swift in Sources */,
				1909C52227BC42F00034FF36 /* BackdropTVViewCell.swift in Sources */,
				194F7A1827BBAA9600B0C22E /* Movie.swift in Sources */,
				1904F84227BCB5ED00D78436 /* MovieDetailsView.swift in Sources */,
				194F7A1627BBAA7700B0C22E /* PosterMovieViewCell.swift in Sources */,
				194F7A1A27BBAAB000B0C22E /* PreviewProvider.swift in Sources */,
				1962361227BE417E007B2E06 /* CarouselView.swift in Sources */,
				194F7A1127BBA7EE00B0C22E /* HomeView.swift in Sources */,
				1904F84527BCC35000D78436 /* MovieDetail.swift in Sources */,
				194F79F827BBA4B700B0C22E /* MovieMVVMApp.swift in Sources */,
				1909C52027BC40F70034FF36 /* PosterTVViewCell.swift in Sources */,
			);
			runOnlyForDeploymentPostprocessing = 0;
		};
/* End PBXSourcesBuildPhase section */

/* Begin XCBuildConfiguration section */
		194F7A0027BBA4B900B0C22E /* Debug */ = {
			isa = XCBuildConfiguration;
			buildSettings = {
				ALWAYS_SEARCH_USER_PATHS = NO;
				CLANG_ANALYZER_NONNULL = YES;
				CLANG_ANALYZER_NUMBER_OBJECT_CONVERSION = YES_AGGRESSIVE;
				CLANG_CXX_LANGUAGE_STANDARD = "gnu++17";
				CLANG_CXX_LIBRARY = "libc++";
				CLANG_ENABLE_MODULES = YES;
				CLANG_ENABLE_OBJC_ARC = YES;
				CLANG_ENABLE_OBJC_WEAK = YES;
				CLANG_WARN_BLOCK_CAPTURE_AUTORELEASING = YES;
				CLANG_WARN_BOOL_CONVERSION = YES;
				CLANG_WARN_COMMA = YES;
				CLANG_WARN_CONSTANT_CONVERSION = YES;
				CLANG_WARN_DEPRECATED_OBJC_IMPLEMENTATIONS = YES;
				CLANG_WARN_DIRECT_OBJC_ISA_USAGE = YES_ERROR;
				CLANG_WARN_DOCUMENTATION_COMMENTS = YES;
				CLANG_WARN_EMPTY_BODY = YES;
				CLANG_WARN_ENUM_CONVERSION = YES;
				CLANG_WARN_INFINITE_RECURSION = YES;
				CLANG_WARN_INT_CONVERSION = YES;
				CLANG_WARN_NON_LITERAL_NULL_CONVERSION = YES;
				CLANG_WARN_OBJC_IMPLICIT_RETAIN_SELF = YES;
				CLANG_WARN_OBJC_LITERAL_CONVERSION = YES;
				CLANG_WARN_OBJC_ROOT_CLASS = YES_ERROR;
				CLANG_WARN_QUOTED_INCLUDE_IN_FRAMEWORK_HEADER = YES;
				CLANG_WARN_RANGE_LOOP_ANALYSIS = YES;
				CLANG_WARN_STRICT_PROTOTYPES = YES;
				CLANG_WARN_SUSPICIOUS_MOVE = YES;
				CLANG_WARN_UNGUARDED_AVAILABILITY = YES_AGGRESSIVE;
				CLANG_WARN_UNREACHABLE_CODE = YES;
				CLANG_WARN__DUPLICATE_METHOD_MATCH = YES;
				COPY_PHASE_STRIP = NO;
				DEBUG_INFORMATION_FORMAT = dwarf;
				ENABLE_STRICT_OBJC_MSGSEND = YES;
				ENABLE_TESTABILITY = YES;
				GCC_C_LANGUAGE_STANDARD = gnu11;
				GCC_DYNAMIC_NO_PIC = NO;
				GCC_NO_COMMON_BLOCKS = YES;
				GCC_OPTIMIZATION_LEVEL = 0;
				GCC_PREPROCESSOR_DEFINITIONS = (
					"DEBUG=1",
					"$(inherited)",
				);
				GCC_WARN_64_TO_32_BIT_CONVERSION = YES;
				GCC_WARN_ABOUT_RETURN_TYPE = YES_ERROR;
				GCC_WARN_UNDECLARED_SELECTOR = YES;
				GCC_WARN_UNINITIALIZED_AUTOS = YES_AGGRESSIVE;
				GCC_WARN_UNUSED_FUNCTION = YES;
				GCC_WARN_UNUSED_VARIABLE = YES;
				IPHONEOS_DEPLOYMENT_TARGET = 15.0;
				MTL_ENABLE_DEBUG_INFO = INCLUDE_SOURCE;
				MTL_FAST_MATH = YES;
				ONLY_ACTIVE_ARCH = YES;
				SDKROOT = iphoneos;
				SWIFT_ACTIVE_COMPILATION_CONDITIONS = DEBUG;
				SWIFT_OPTIMIZATION_LEVEL = "-Onone";
			};
			name = Debug;
		};
		194F7A0127BBA4B900B0C22E /* Release */ = {
			isa = XCBuildConfiguration;
			buildSettings = {
				ALWAYS_SEARCH_USER_PATHS = NO;
				CLANG_ANALYZER_NONNULL = YES;
				CLANG_ANALYZER_NUMBER_OBJECT_CONVERSION = YES_AGGRESSIVE;
				CLANG_CXX_LANGUAGE_STANDARD = "gnu++17";
				CLANG_CXX_LIBRARY = "libc++";
				CLANG_ENABLE_MODULES = YES;
				CLANG_ENABLE_OBJC_ARC = YES;
				CLANG_ENABLE_OBJC_WEAK = YES;
				CLANG_WARN_BLOCK_CAPTURE_AUTORELEASING = YES;
				CLANG_WARN_BOOL_CONVERSION = YES;
				CLANG_WARN_COMMA = YES;
				CLANG_WARN_CONSTANT_CONVERSION = YES;
				CLANG_WARN_DEPRECATED_OBJC_IMPLEMENTATIONS = YES;
				CLANG_WARN_DIRECT_OBJC_ISA_USAGE = YES_ERROR;
				CLANG_WARN_DOCUMENTATION_COMMENTS = YES;
				CLANG_WARN_EMPTY_BODY = YES;
				CLANG_WARN_ENUM_CONVERSION = YES;
				CLANG_WARN_INFINITE_RECURSION = YES;
				CLANG_WARN_INT_CONVERSION = YES;
				CLANG_WARN_NON_LITERAL_NULL_CONVERSION = YES;
				CLANG_WARN_OBJC_IMPLICIT_RETAIN_SELF = YES;
				CLANG_WARN_OBJC_LITERAL_CONVERSION = YES;
				CLANG_WARN_OBJC_ROOT_CLASS = YES_ERROR;
				CLANG_WARN_QUOTED_INCLUDE_IN_FRAMEWORK_HEADER = YES;
				CLANG_WARN_RANGE_LOOP_ANALYSIS = YES;
				CLANG_WARN_STRICT_PROTOTYPES = YES;
				CLANG_WARN_SUSPICIOUS_MOVE = YES;
				CLANG_WARN_UNGUARDED_AVAILABILITY = YES_AGGRESSIVE;
				CLANG_WARN_UNREACHABLE_CODE = YES;
				CLANG_WARN__DUPLICATE_METHOD_MATCH = YES;
				COPY_PHASE_STRIP = NO;
				DEBUG_INFORMATION_FORMAT = "dwarf-with-dsym";
				ENABLE_NS_ASSERTIONS = NO;
				ENABLE_STRICT_OBJC_MSGSEND = YES;
				GCC_C_LANGUAGE_STANDARD = gnu11;
				GCC_NO_COMMON_BLOCKS = YES;
				GCC_WARN_64_TO_32_BIT_CONVERSION = YES;
				GCC_WARN_ABOUT_RETURN_TYPE = YES_ERROR;
				GCC_WARN_UNDECLARED_SELECTOR = YES;
				GCC_WARN_UNINITIALIZED_AUTOS = YES_AGGRESSIVE;
				GCC_WARN_UNUSED_FUNCTION = YES;
				GCC_WARN_UNUSED_VARIABLE = YES;
				IPHONEOS_DEPLOYMENT_TARGET = 15.0;
				MTL_ENABLE_DEBUG_INFO = NO;
				MTL_FAST_MATH = YES;
				SDKROOT = iphoneos;
				SWIFT_COMPILATION_MODE = wholemodule;
				SWIFT_OPTIMIZATION_LEVEL = "-O";
				VALIDATE_PRODUCT = YES;
			};
			name = Release;
		};
		194F7A0327BBA4B900B0C22E /* Debug */ = {
			isa = XCBuildConfiguration;
			buildSettings = {
				ASSETCATALOG_COMPILER_APPICON_NAME = AppIcon;
				ASSETCATALOG_COMPILER_GLOBAL_ACCENT_COLOR_NAME = AccentColor;
				CODE_SIGN_STYLE = Automatic;
				CURRENT_PROJECT_VERSION = 1;
				DEVELOPMENT_ASSET_PATHS = "\"MovieMVVM/Preview Content\"";
				DEVELOPMENT_TEAM = 95J5ZJ5FVG;
				ENABLE_PREVIEWS = YES;
				GENERATE_INFOPLIST_FILE = YES;
				INFOPLIST_KEY_UIApplicationSceneManifest_Generation = YES;
				INFOPLIST_KEY_UIApplicationSupportsIndirectInputEvents = YES;
				INFOPLIST_KEY_UILaunchScreen_Generation = YES;
				INFOPLIST_KEY_UISupportedInterfaceOrientations_iPad = "UIInterfaceOrientationPortrait UIInterfaceOrientationPortraitUpsideDown UIInterfaceOrientationLandscapeLeft UIInterfaceOrientationLandscapeRight";
				INFOPLIST_KEY_UISupportedInterfaceOrientations_iPhone = "UIInterfaceOrientationPortrait UIInterfaceOrientationLandscapeLeft UIInterfaceOrientationLandscapeRight";
				LD_RUNPATH_SEARCH_PATHS = (
					"$(inherited)",
					"@executable_path/Frameworks",
				);
				MARKETING_VERSION = 1.0;
				PRODUCT_BUNDLE_IDENTIFIER = com.test.MovieMVVM;
				PRODUCT_NAME = "$(TARGET_NAME)";
				SWIFT_EMIT_LOC_STRINGS = YES;
				SWIFT_VERSION = 5.0;
				TARGETED_DEVICE_FAMILY = "1,2";
			};
			name = Debug;
		};
		194F7A0427BBA4B900B0C22E /* Release */ = {
			isa = XCBuildConfiguration;
			buildSettings = {
				ASSETCATALOG_COMPILER_APPICON_NAME = AppIcon;
				ASSETCATALOG_COMPILER_GLOBAL_ACCENT_COLOR_NAME = AccentColor;
				CODE_SIGN_STYLE = Automatic;
				CURRENT_PROJECT_VERSION = 1;
				DEVELOPMENT_ASSET_PATHS = "\"MovieMVVM/Preview Content\"";
				DEVELOPMENT_TEAM = 95J5ZJ5FVG;
				ENABLE_PREVIEWS = YES;
				GENERATE_INFOPLIST_FILE = YES;
				INFOPLIST_KEY_UIApplicationSceneManifest_Generation = YES;
				INFOPLIST_KEY_UIApplicationSupportsIndirectInputEvents = YES;
				INFOPLIST_KEY_UILaunchScreen_Generation = YES;
				INFOPLIST_KEY_UISupportedInterfaceOrientations_iPad = "UIInterfaceOrientationPortrait UIInterfaceOrientationPortraitUpsideDown UIInterfaceOrientationLandscapeLeft UIInterfaceOrientationLandscapeRight";
				INFOPLIST_KEY_UISupportedInterfaceOrientations_iPhone = "UIInterfaceOrientationPortrait UIInterfaceOrientationLandscapeLeft UIInterfaceOrientationLandscapeRight";
				LD_RUNPATH_SEARCH_PATHS = (
					"$(inherited)",
					"@executable_path/Frameworks",
				);
				MARKETING_VERSION = 1.0;
				PRODUCT_BUNDLE_IDENTIFIER = com.test.MovieMVVM;
				PRODUCT_NAME = "$(TARGET_NAME)";
				SWIFT_EMIT_LOC_STRINGS = YES;
				SWIFT_VERSION = 5.0;
				TARGETED_DEVICE_FAMILY = "1,2";
			};
			name = Release;
		};
/* End XCBuildConfiguration section */

/* Begin XCConfigurationList section */
		194F79EF27BBA4B700B0C22E /* Build configuration list for PBXProject "MovieMVVM" */ = {
			isa = XCConfigurationList;
			buildConfigurations = (
				194F7A0027BBA4B900B0C22E /* Debug */,
				194F7A0127BBA4B900B0C22E /* Release */,
			);
			defaultConfigurationIsVisible = 0;
			defaultConfigurationName = Release;
		};
		194F7A0227BBA4B900B0C22E /* Build configuration list for PBXNativeTarget "MovieMVVM" */ = {
			isa = XCConfigurationList;
			buildConfigurations = (
				194F7A0327BBA4B900B0C22E /* Debug */,
				194F7A0427BBA4B900B0C22E /* Release */,
			);
			defaultConfigurationIsVisible = 0;
			defaultConfigurationName = Release;
		};
/* End XCConfigurationList section */

/* Begin XCRemoteSwiftPackageReference section */
		194F7A1B27BBAFB900B0C22E /* XCRemoteSwiftPackageReference "Kingfisher" */ = {
			isa = XCRemoteSwiftPackageReference;
			repositoryURL = "https://github.com/onevcat/Kingfisher";
			requirement = {
				branch = master;
				kind = branch;
			};
		};
/* End XCRemoteSwiftPackageReference section */

/* Begin XCSwiftPackageProductDependency section */
		194F7A1C27BBAFB900B0C22E /* Kingfisher */ = {
			isa = XCSwiftPackageProductDependency;
			package = 194F7A1B27BBAFB900B0C22E /* XCRemoteSwiftPackageReference "Kingfisher" */;
			productName = Kingfisher;
		};
/* End XCSwiftPackageProductDependency section */
	};
	rootObject = 194F79EC27BBA4B700B0C22E /* Project object */;
}
